
Microsoft Visual Studio Solution File, Format Version 12.00
# Visual Studio Version 17
VisualStudioVersion = 17.6.33815.320
MinimumVisualStudioVersion = 10.0.40219.1
Project("{9A19103F-16F7-4668-BE54-9A1E7A4F7556}") = "Coleta-Copo-Oficial", "Coleta-Copo-Oficial\Coleta-Copo-Oficial.csproj", "{51B43D5B-2BE4-4E4D-BF6A-D9A2BFC41243}"
EndProject
Global
	GlobalSection(SolutionConfigurationPlatforms) = preSolution
		Debug|Any CPU = Debug|Any CPU
		Release|Any CPU = Release|Any CPU
	EndGlobalSection
	GlobalSection(ProjectConfigurationPlatforms) = postSolution
		{51B43D5B-2BE4-4E4D-BF6A-D9A2BFC41243}.Debug|Any CPU.ActiveCfg = Debug|Any CPU
		{51B43D5B-2BE4-4E4D-BF6A-D9A2BFC41243}.Debug|Any CPU.Build.0 = Debug|Any CPU
		{51B43D5B-2BE4-4E4D-BF6A-D9A2BFC41243}.Release|Any CPU.ActiveCfg = Release|Any CPU
		{51B43D5B-2BE4-4E4D-BF6A-D9A2BFC41243}.Release|Any CPU.Build.0 = Release|Any CPU
	EndGlobalSection
	GlobalSection(SolutionProperties) = preSolution
		HideSolutionNode = FALSE
	EndGlobalSection
	GlobalSection(ExtensibilityGlobals) = postSolution
		SolutionGuid = {B79F6FCF-1A02-43DE-8A94-601C1E68699D}
	EndGlobalSection
EndGlobal
